# This file is autogenerated, do not edit; changes may be undone by the next 'dep ensure'.


[[projects]]
  branch = "master"
  digest = "1:7255bfdd52be3691b04ac28659653e09d91767f7225258ce9977b94dcc3ec05e"
  name = "github.com/digineo/go-logwrap"
  packages = ["."]
  pruneopts = "UT"
  revision = "a178c58ea3f097555dc517c4b87693afacd2107e"

[[projects]]
  branch = "master"
  digest = "1:4d066aebc9711d1ab96afb61ddb3c796f8c2e5bd5431ec9046f7cd5f9123338c"
  name = "github.com/digineo/go-ping"
  packages = ["."]
  pruneopts = "UT"
  revision = "8897cf6ec08fe67a861d0b4477ee3c041458d8cb"

[[projects]]
  digest = "1:a2cff208d4759f6ba1b1cd228587b0a1869f95f22542ec9cd17fff64430113c7"
  name = "github.com/jessevdk/go-flags"
  packages = ["."]
  pruneopts = "UT"
  revision = "c6ca198ec95c841fdb89fc0de7496fed11ab854e"
  version = "v1.4.0"

[[projects]]
  digest = "1:d1816f8f4877e87cf0a80a25fbc0e7c7a6937bd728ccbf85e2c151c792445a1b"
  name = "github.com/thoas/go-funk"
  packages = ["."]
  pruneopts = "UT"
  revision = "9132db0aefe2a09565f5124e267ac9a89845d8f6"
  version = "0.4"

[[projects]]
  branch = "master"
  digest = "1:9bc993d89626dd971a2b9f14e160848520e2463add7ed3f210306bc9ba3f781d"
  name = "golang.org/x/net"
  packages = [
    "bpf",
    "icmp",
    "internal/iana",
    "internal/socket",
    "ipv4",
    "ipv6",
  ]
  pruneopts = "UT"
  revision = "927f97764cc334a6575f4b7a1584a147864d5723"

[solve-meta]
  analyzer-name = "dep"
  analyzer-version = 1
  input-imports = [
    "github.com/digineo/go-ping",
    "github.com/jessevdk/go-flags",
    "github.com/thoas/go-funk",
  ]
  solver-name = "gps-cdcl"
  solver-version = 1
